
Microsoft Visual Studio Solution File, Format Version 12.00
# Visual Studio Version 17
VisualStudioVersion = 17.2.32526.322
MinimumVisualStudioVersion = 10.0.40219.1
Project("{9A19103F-16F7-4668-BE54-9A1E7A4F7556}") = "ProiectLicenta", "ProiectLicenta.csproj", "{3A61315B-B61F-4A3B-BEA9-B860F07D628D}"
EndProject
Project("{9A19103F-16F7-4668-BE54-9A1E7A4F7556}") = "ProiectLicenta.DataAccess", "..\ProiectLicenta.DataAccess\ProiectLicenta.DataAccess.csproj", "{64A97193-8AB7-4D7C-8616-6820BF0AC197}"
EndProject
Project("{9A19103F-16F7-4668-BE54-9A1E7A4F7556}") = "ProiectLicenta.Models", "..\ProiectLicenta.Models\ProiectLicenta.Models.csproj", "{FCDD711C-013B-4587-B5FB-08F7A9BB0EA2}"
EndProject
Global
	GlobalSection(SolutionConfigurationPlatforms) = preSolution
		Debug|Any CPU = Debug|Any CPU
		Release|Any CPU = Release|Any CPU
	EndGlobalSection
	GlobalSection(ProjectConfigurationPlatforms) = postSolution
		{3A61315B-B61F-4A3B-BEA9-B860F07D628D}.Debug|Any CPU.ActiveCfg = Debug|Any CPU
		{3A61315B-B61F-4A3B-BEA9-B860F07D628D}.Debug|Any CPU.Build.0 = Debug|Any CPU
		{3A61315B-B61F-4A3B-BEA9-B860F07D628D}.Release|Any CPU.ActiveCfg = Release|Any CPU
		{3A61315B-B61F-4A3B-BEA9-B860F07D628D}.Release|Any CPU.Build.0 = Release|Any CPU
		{64A97193-8AB7-4D7C-8616-6820BF0AC197}.Debug|Any CPU.ActiveCfg = Debug|Any CPU
		{64A97193-8AB7-4D7C-8616-6820BF0AC197}.Debug|Any CPU.Build.0 = Debug|Any CPU
		{64A97193-8AB7-4D7C-8616-6820BF0AC197}.Release|Any CPU.ActiveCfg = Release|Any CPU
		{64A97193-8AB7-4D7C-8616-6820BF0AC197}.Release|Any CPU.Build.0 = Release|Any CPU
		{FCDD711C-013B-4587-B5FB-08F7A9BB0EA2}.Debug|Any CPU.ActiveCfg = Debug|Any CPU
		{FCDD711C-013B-4587-B5FB-08F7A9BB0EA2}.Debug|Any CPU.Build.0 = Debug|Any CPU
		{FCDD711C-013B-4587-B5FB-08F7A9BB0EA2}.Release|Any CPU.ActiveCfg = Release|Any CPU
		{FCDD711C-013B-4587-B5FB-08F7A9BB0EA2}.Release|Any CPU.Build.0 = Release|Any CPU
	EndGlobalSection
	GlobalSection(SolutionProperties) = preSolution
		HideSolutionNode = FALSE
	EndGlobalSection
	GlobalSection(ExtensibilityGlobals) = postSolution
		SolutionGuid = {692C6775-F0CA-4EEB-BC16-024922B87B3E}
	EndGlobalSection
EndGlobal
